// !$*UTF8*$!
{
	archiveVersion = 1;
	classes = {
	};
	objectVersion = 46;
	objects = {

/* Begin PBXBuildFile section */
		18A5A1C91BEEC2EE008EFC67 /* Player.swift in Sources */ = {isa = PBXBuildFile; fileRef = 18A5A1C81BEEC2EE008EFC67 /* Player.swift */; settings = {ASSET_TAGS = (); }; };
		18A5A1CB1BEEF5AC008EFC67 /* MainViewController.swift in Sources */ = {isa = PBXBuildFile; fileRef = 18A5A1CA1BEEF5AC008EFC67 /* MainViewController.swift */; settings = {ASSET_TAGS = (); }; };
		32C82CD21BEE963200614C1A /* AppDelegate.swift in Sources */ = {isa = PBXBuildFile; fileRef = 32C82CD11BEE963200614C1A /* AppDelegate.swift */; };
		32C82CD41BEE963200614C1A /* GameScene.sks in Resources */ = {isa = PBXBuildFile; fileRef = 32C82CD31BEE963200614C1A /* GameScene.sks */; };
		32C82CD61BEE963200614C1A /* GameScene.swift in Sources */ = {isa = PBXBuildFile; fileRef = 32C82CD51BEE963200614C1A /* GameScene.swift */; };
		32C82CD81BEE963200614C1A /* GameViewController.swift in Sources */ = {isa = PBXBuildFile; fileRef = 32C82CD71BEE963200614C1A /* GameViewController.swift */; };
		32C82CDB1BEE963200614C1A /* Main.storyboard in Resources */ = {isa = PBXBuildFile; fileRef = 32C82CD91BEE963200614C1A /* Main.storyboard */; };
		32C82CDD1BEE963300614C1A /* Assets.xcassets in Resources */ = {isa = PBXBuildFile; fileRef = 32C82CDC1BEE963300614C1A /* Assets.xcassets */; };
		32C82CE01BEE963300614C1A /* LaunchScreen.storyboard in Resources */ = {isa = PBXBuildFile; fileRef = 32C82CDE1BEE963300614C1A /* LaunchScreen.storyboard */; };
		32C82CEB1BEE963300614C1A /* ConquestTests.swift in Sources */ = {isa = PBXBuildFile; fileRef = 32C82CEA1BEE963300614C1A /* ConquestTests.swift */; };
		32C82CF61BEE963300614C1A /* ConquestUITests.swift in Sources */ = {isa = PBXBuildFile; fileRef = 32C82CF51BEE963300614C1A /* ConquestUITests.swift */; };
		32C82D061BEE98D700614C1A /* Socket.swift in Sources */ = {isa = PBXBuildFile; fileRef = 32C82D051BEE98D700614C1A /* Socket.swift */; settings = {ASSET_TAGS = (); }; };
		D409E236E796F5AB1090FB42 /* Pods.framework in Frameworks */ = {isa = PBXBuildFile; fileRef = 1CFDF64296174C003E7E6972 /* Pods.framework */; };
/* End PBXBuildFile section */

/* Begin PBXContainerItemProxy section */
		32C82CE71BEE963300614C1A /* PBXContainerItemProxy */ = {
			isa = PBXContainerItemProxy;
			containerPortal = 32C82CC61BEE963200614C1A /* Project object */;
			proxyType = 1;
			remoteGlobalIDString = 32C82CCD1BEE963200614C1A;
			remoteInfo = Conquest;
		};
		32C82CF21BEE963300614C1A /* PBXContainerItemProxy */ = {
			isa = PBXContainerItemProxy;
			containerPortal = 32C82CC61BEE963200614C1A /* Project object */;
			proxyType = 1;
			remoteGlobalIDString = 32C82CCD1BEE963200614C1A;
			remoteInfo = Conquest;
		};
/* End PBXContainerItemProxy section */

/* Begin PBXFileReference section */
		18A5A1C81BEEC2EE008EFC67 /* Player.swift */ = {isa = PBXFileReference; fileEncoding = 4; lastKnownFileType = sourcecode.swift; path = Player.swift; sourceTree = "<group>"; };
		18A5A1CA1BEEF5AC008EFC67 /* MainViewController.swift */ = {isa = PBXFileReference; fileEncoding = 4; lastKnownFileType = sourcecode.swift; path = MainViewController.swift; sourceTree = "<group>"; };
		1CFDF64296174C003E7E6972 /* Pods.framework */ = {isa = PBXFileReference; explicitFileType = wrapper.framework; includeInIndex = 0; path = Pods.framework; sourceTree = BUILT_PRODUCTS_DIR; };
		32C82CCE1BEE963200614C1A /* Conquest.app */ = {isa = PBXFileReference; explicitFileType = wrapper.application; includeInIndex = 0; path = Conquest.app; sourceTree = BUILT_PRODUCTS_DIR; };
		32C82CD11BEE963200614C1A /* AppDelegate.swift */ = {isa = PBXFileReference; lastKnownFileType = sourcecode.swift; path = AppDelegate.swift; sourceTree = "<group>"; };
		32C82CD31BEE963200614C1A /* GameScene.sks */ = {isa = PBXFileReference; lastKnownFileType = file.sks; path = GameScene.sks; sourceTree = "<group>"; };
		32C82CD51BEE963200614C1A /* GameScene.swift */ = {isa = PBXFileReference; lastKnownFileType = sourcecode.swift; path = GameScene.swift; sourceTree = "<group>"; };
		32C82CD71BEE963200614C1A /* GameViewController.swift */ = {isa = PBXFileReference; lastKnownFileType = sourcecode.swift; path = GameViewController.swift; sourceTree = "<group>"; };
		32C82CDA1BEE963200614C1A /* Base */ = {isa = PBXFileReference; lastKnownFileType = file.storyboard; name = Base; path = Base.lproj/Main.storyboard; sourceTree = "<group>"; };
		32C82CDC1BEE963300614C1A /* Assets.xcassets */ = {isa = PBXFileReference; lastKnownFileType = folder.assetcatalog; path = Assets.xcassets; sourceTree = "<group>"; };
		32C82CDF1BEE963300614C1A /* Base */ = {isa = PBXFileReference; lastKnownFileType = file.storyboard; name = Base; path = Base.lproj/LaunchScreen.storyboard; sourceTree = "<group>"; };
		32C82CE11BEE963300614C1A /* Info.plist */ = {isa = PBXFileReference; lastKnownFileType = text.plist.xml; path = Info.plist; sourceTree = "<group>"; };
		32C82CE61BEE963300614C1A /* ConquestTests.xctest */ = {isa = PBXFileReference; explicitFileType = wrapper.cfbundle; includeInIndex = 0; path = ConquestTests.xctest; sourceTree = BUILT_PRODUCTS_DIR; };
		32C82CEA1BEE963300614C1A /* ConquestTests.swift */ = {isa = PBXFileReference; lastKnownFileType = sourcecode.swift; path = ConquestTests.swift; sourceTree = "<group>"; };
		32C82CEC1BEE963300614C1A /* Info.plist */ = {isa = PBXFileReference; lastKnownFileType = text.plist.xml; path = Info.plist; sourceTree = "<group>"; };
		32C82CF11BEE963300614C1A /* ConquestUITests.xctest */ = {isa = PBXFileReference; explicitFileType = wrapper.cfbundle; includeInIndex = 0; path = ConquestUITests.xctest; sourceTree = BUILT_PRODUCTS_DIR; };
		32C82CF51BEE963300614C1A /* ConquestUITests.swift */ = {isa = PBXFileReference; lastKnownFileType = sourcecode.swift; path = ConquestUITests.swift; sourceTree = "<group>"; };
		32C82CF71BEE963300614C1A /* Info.plist */ = {isa = PBXFileReference; lastKnownFileType = text.plist.xml; path = Info.plist; sourceTree = "<group>"; };
		32C82D051BEE98D700614C1A /* Socket.swift */ = {isa = PBXFileReference; fileEncoding = 4; lastKnownFileType = sourcecode.swift; path = Socket.swift; sourceTree = "<group>"; };
		585BB6E24B18E96E03DCD00C /* Pods.debug.xcconfig */ = {isa = PBXFileReference; includeInIndex = 1; lastKnownFileType = text.xcconfig; name = Pods.debug.xcconfig; path = "Pods/Target Support Files/Pods/Pods.debug.xcconfig"; sourceTree = "<group>"; };
		6B38FD828AE9CD1D1FFBCA4E /* Pods.release.xcconfig */ = {isa = PBXFileReference; includeInIndex = 1; lastKnownFileType = text.xcconfig; name = Pods.release.xcconfig; path = "Pods/Target Support Files/Pods/Pods.release.xcconfig"; sourceTree = "<group>"; };
/* End PBXFileReference section */

/* Begin PBXFrameworksBuildPhase section */
		32C82CCB1BEE963200614C1A /* Frameworks */ = {
			isa = PBXFrameworksBuildPhase;
			buildActionMask = 2147483647;
			files = (
				D409E236E796F5AB1090FB42 /* Pods.framework in Frameworks */,
			);
			runOnlyForDeploymentPostprocessing = 0;
		};
		32C82CE31BEE963300614C1A /* Frameworks */ = {
			isa = PBXFrameworksBuildPhase;
			buildActionMask = 2147483647;
			files = (
			);
			runOnlyForDeploymentPostprocessing = 0;
		};
		32C82CEE1BEE963300614C1A /* Frameworks */ = {
			isa = PBXFrameworksBuildPhase;
			buildActionMask = 2147483647;
			files = (
			);
			runOnlyForDeploymentPostprocessing = 0;
		};
/* End PBXFrameworksBuildPhase section */

/* Begin PBXGroup section */
		32C82CC51BEE963200614C1A = {
			isa = PBXGroup;
			children = (
				32C82CD01BEE963200614C1A /* Conquest */,
				32C82CE91BEE963300614C1A /* ConquestTests */,
				32C82CF41BEE963300614C1A /* ConquestUITests */,
				32C82CCF1BEE963200614C1A /* Products */,
				A672B5584394A0FFD7E8C662 /* Pods */,
				6E570563D5FEB644339F814F /* Frameworks */,
			);
			sourceTree = "<group>";
		};
		32C82CCF1BEE963200614C1A /* Products */ = {
			isa = PBXGroup;
			children = (
				32C82CCE1BEE963200614C1A /* Conquest.app */,
				32C82CE61BEE963300614C1A /* ConquestTests.xctest */,
				32C82CF11BEE963300614C1A /* ConquestUITests.xctest */,
			);
			name = Products;
			sourceTree = "<group>";
		};
		32C82CD01BEE963200614C1A /* Conquest */ = {
			isa = PBXGroup;
			children = (
				32C82CD11BEE963200614C1A /* AppDelegate.swift */,
				32C82CD31BEE963200614C1A /* GameScene.sks */,
				32C82CD51BEE963200614C1A /* GameScene.swift */,
				18A5A1C81BEEC2EE008EFC67 /* Player.swift */,
				32C82CD71BEE963200614C1A /* GameViewController.swift */,
				32C82D051BEE98D700614C1A /* Socket.swift */,
				18A5A1CA1BEEF5AC008EFC67 /* MainViewController.swift */,
				32C82CD91BEE963200614C1A /* Main.storyboard */,
				32C82CDC1BEE963300614C1A /* Assets.xcassets */,
				32C82CDE1BEE963300614C1A /* LaunchScreen.storyboard */,
				32C82CE11BEE963300614C1A /* Info.plist */,
			);
			path = Conquest;
			sourceTree = "<group>";
		};
		32C82CE91BEE963300614C1A /* ConquestTests */ = {
			isa = PBXGroup;
			children = (
				32C82CEA1BEE963300614C1A /* ConquestTests.swift */,
				32C82CEC1BEE963300614C1A /* Info.plist */,
			);
			path = ConquestTests;
			sourceTree = "<group>";
		};
		32C82CF41BEE963300614C1A /* ConquestUITests */ = {
			isa = PBXGroup;
			children = (
				32C82CF51BEE963300614C1A /* ConquestUITests.swift */,
				32C82CF71BEE963300614C1A /* Info.plist */,
			);
			path = ConquestUITests;
			sourceTree = "<group>";
		};
		6E570563D5FEB644339F814F /* Frameworks */ = {
			isa = PBXGroup;
			children = (
				1CFDF64296174C003E7E6972 /* Pods.framework */,
			);
			name = Frameworks;
			sourceTree = "<group>";
		};
		A672B5584394A0FFD7E8C662 /* Pods */ = {
			isa = PBXGroup;
			children = (
				585BB6E24B18E96E03DCD00C /* Pods.debug.xcconfig */,
				6B38FD828AE9CD1D1FFBCA4E /* Pods.release.xcconfig */,
			);
			name = Pods;
			sourceTree = "<group>";
		};
/* End PBXGroup section */

/* Begin PBXNativeTarget section */
		32C82CCD1BEE963200614C1A /* Conquest */ = {
			isa = PBXNativeTarget;
			buildConfigurationList = 32C82CFA1BEE963300614C1A /* Build configuration list for PBXNativeTarget "Conquest" */;
			buildPhases = (
				0D4815A72866174D2334577E /* Check Pods Manifest.lock */,
				32C82CCA1BEE963200614C1A /* Sources */,
				32C82CCB1BEE963200614C1A /* Frameworks */,
				32C82CCC1BEE963200614C1A /* Resources */,
				AFA6753C7FC84827A5D1821E /* Embed Pods Frameworks */,
				C0B3C98EC78107B3E8AAA042 /* Copy Pods Resources */,
			);
			buildRules = (
			);
			dependencies = (
			);
			name = Conquest;
			productName = Conquest;
			productReference = 32C82CCE1BEE963200614C1A /* Conquest.app */;
			productType = "com.apple.product-type.application";
		};
		32C82CE51BEE963300614C1A /* ConquestTests */ = {
			isa = PBXNativeTarget;
			buildConfigurationList = 32C82CFD1BEE963300614C1A /* Build configuration list for PBXNativeTarget "ConquestTests" */;
			buildPhases = (
				32C82CE21BEE963300614C1A /* Sources */,
				32C82CE31BEE963300614C1A /* Frameworks */,
				32C82CE41BEE963300614C1A /* Resources */,
			);
			buildRules = (
			);
			dependencies = (
				32C82CE81BEE963300614C1A /* PBXTargetDependency */,
			);
			name = ConquestTests;
			productName = ConquestTests;
			productReference = 32C82CE61BEE963300614C1A /* ConquestTests.xctest */;
			productType = "com.apple.product-type.bundle.unit-test";
		};
		32C82CF01BEE963300614C1A /* ConquestUITests */ = {
			isa = PBXNativeTarget;
			buildConfigurationList = 32C82D001BEE963300614C1A /* Build configuration list for PBXNativeTarget "ConquestUITests" */;
			buildPhases = (
				32C82CED1BEE963300614C1A /* Sources */,
				32C82CEE1BEE963300614C1A /* Frameworks */,
				32C82CEF1BEE963300614C1A /* Resources */,
			);
			buildRules = (
			);
			dependencies = (
				32C82CF31BEE963300614C1A /* PBXTargetDependency */,
			);
			name = ConquestUITests;
			productName = ConquestUITests;
			productReference = 32C82CF11BEE963300614C1A /* ConquestUITests.xctest */;
			productType = "com.apple.product-type.bundle.ui-testing";
		};
/* End PBXNativeTarget section */

/* Begin PBXProject section */
		32C82CC61BEE963200614C1A /* Project object */ = {
			isa = PBXProject;
			attributes = {
				LastUpgradeCheck = 0700;
				ORGANIZATIONNAME = Alpha;
				TargetAttributes = {
					32C82CCD1BEE963200614C1A = {
						CreatedOnToolsVersion = 7.0.1;
					};
					32C82CE51BEE963300614C1A = {
						CreatedOnToolsVersion = 7.0.1;
						TestTargetID = 32C82CCD1BEE963200614C1A;
					};
					32C82CF01BEE963300614C1A = {
						CreatedOnToolsVersion = 7.0.1;
						TestTargetID = 32C82CCD1BEE963200614C1A;
					};
				};
			};
			buildConfigurationList = 32C82CC91BEE963200614C1A /* Build configuration list for PBXProject "Conquest" */;
			compatibilityVersion = "Xcode 3.2";
			developmentRegion = English;
			hasScannedForEncodings = 0;
			knownRegions = (
				en,
				Base,
			);
			mainGroup = 32C82CC51BEE963200614C1A;
			productRefGroup = 32C82CCF1BEE963200614C1A /* Products */;
			projectDirPath = "";
			projectRoot = "";
			targets = (
				32C82CCD1BEE963200614C1A /* Conquest */,
				32C82CE51BEE963300614C1A /* ConquestTests */,
				32C82CF01BEE963300614C1A /* ConquestUITests */,
			);
		};
/* End PBXProject section */

/* Begin PBXResourcesBuildPhase section */
		32C82CCC1BEE963200614C1A /* Resources */ = {
			isa = PBXResourcesBuildPhase;
			buildActionMask = 2147483647;
			files = (
				32C82CD41BEE963200614C1A /* GameScene.sks in Resources */,
				32C82CE01BEE963300614C1A /* LaunchScreen.storyboard in Resources */,
				32C82CDD1BEE963300614C1A /* Assets.xcassets in Resources */,
				32C82CDB1BEE963200614C1A /* Main.storyboard in Resources */,
			);
			runOnlyForDeploymentPostprocessing = 0;
		};
		32C82CE41BEE963300614C1A /* Resources */ = {
			isa = PBXResourcesBuildPhase;
			buildActionMask = 2147483647;
			files = (
			);
			runOnlyForDeploymentPostprocessing = 0;
		};
		32C82CEF1BEE963300614C1A /* Resources */ = {
			isa = PBXResourcesBuildPhase;
			buildActionMask = 2147483647;
			files = (
			);
			runOnlyForDeploymentPostprocessing = 0;
		};
/* End PBXResourcesBuildPhase section */

/* Begin PBXShellScriptBuildPhase section */
		0D4815A72866174D2334577E /* Check Pods Manifest.lock */ = {
			isa = PBXShellScriptBuildPhase;
			buildActionMask = 2147483647;
			files = (
			);
			inputPaths = (
			);
			name = "Check Pods Manifest.lock";
			outputPaths = (
			);
			runOnlyForDeploymentPostprocessing = 0;
			shellPath = /bin/sh;
			shellScript = "diff \"${PODS_ROOT}/../Podfile.lock\" \"${PODS_ROOT}/Manifest.lock\" > /dev/null\nif [[ $? != 0 ]] ; then\n    cat << EOM\nerror: The sandbox is not in sync with the Podfile.lock. Run 'pod install' or update your CocoaPods installation.\nEOM\n    exit 1\nfi\n";
			showEnvVarsInLog = 0;
		};
		AFA6753C7FC84827A5D1821E /* Embed Pods Frameworks */ = {
			isa = PBXShellScriptBuildPhase;
			buildActionMask = 2147483647;
			files = (
			);
			inputPaths = (
			);
			name = "Embed Pods Frameworks";
			outputPaths = (
			);
			runOnlyForDeploymentPostprocessing = 0;
			shellPath = /bin/sh;
			shellScript = "\"${SRCROOT}/Pods/Target Support Files/Pods/Pods-frameworks.sh\"\n";
			showEnvVarsInLog = 0;
		};
		C0B3C98EC78107B3E8AAA042 /* Copy Pods Resources */ = {
			isa = PBXShellScriptBuildPhase;
			buildActionMask = 2147483647;
			files = (
			);
			inputPaths = (
			);
			name = "Copy Pods Resources";
			outputPaths = (
			);
			runOnlyForDeploymentPostprocessing = 0;
			shellPath = /bin/sh;
			shellScript = "\"${SRCROOT}/Pods/Target Support Files/Pods/Pods-resources.sh\"\n";
			showEnvVarsInLog = 0;
		};
/* End PBXShellScriptBuildPhase section */

/* Begin PBXSourcesBuildPhase section */
		32C82CCA1BEE963200614C1A /* Sources */ = {
			isa = PBXSourcesBuildPhase;
			buildActionMask = 2147483647;
			files = (
				32C82D061BEE98D700614C1A /* Socket.swift in Sources */,
				32C82CD61BEE963200614C1A /* GameScene.swift in Sources */,
				32C82CD81BEE963200614C1A /* GameViewController.swift in Sources */,
				18A5A1CB1BEEF5AC008EFC67 /* MainViewController.swift in Sources */,
				18A5A1C91BEEC2EE008EFC67 /* Player.swift in Sources */,
				32C82CD21BEE963200614C1A /* AppDelegate.swift in Sources */,
			);
			runOnlyForDeploymentPostprocessing = 0;
		};
		32C82CE21BEE963300614C1A /* Sources */ = {
			isa = PBXSourcesBuildPhase;
			buildActionMask = 2147483647;
			files = (
				32C82CEB1BEE963300614C1A /* ConquestTests.swift in Sources */,
			);
			runOnlyForDeploymentPostprocessing = 0;
		};
		32C82CED1BEE963300614C1A /* Sources */ = {
			isa = PBXSourcesBuildPhase;
			buildActionMask = 2147483647;
			files = (
				32C82CF61BEE963300614C1A /* ConquestUITests.swift in Sources */,
			);
			runOnlyForDeploymentPostprocessing = 0;
		};
/* End PBXSourcesBuildPhase section */

/* Begin PBXTargetDependency section */
		32C82CE81BEE963300614C1A /* PBXTargetDependency */ = {
			isa = PBXTargetDependency;
			target = 32C82CCD1BEE963200614C1A /* Conquest */;
			targetProxy = 32C82CE71BEE963300614C1A /* PBXContainerItemProxy */;
		};
		32C82CF31BEE963300614C1A /* PBXTargetDependency */ = {
			isa = PBXTargetDependency;
			target = 32C82CCD1BEE963200614C1A /* Conquest */;
			targetProxy = 32C82CF21BEE963300614C1A /* PBXContainerItemProxy */;
		};
/* End PBXTargetDependency section */

/* Begin PBXVariantGroup section */
		32C82CD91BEE963200614C1A /* Main.storyboard */ = {
			isa = PBXVariantGroup;
			children = (
				32C82CDA1BEE963200614C1A /* Base */,
			);
			name = Main.storyboard;
			sourceTree = "<group>";
		};
		32C82CDE1BEE963300614C1A /* LaunchScreen.storyboard */ = {
			isa = PBXVariantGroup;
			children = (
				32C82CDF1BEE963300614C1A /* Base */,
			);
			name = LaunchScreen.storyboard;
			sourceTree = "<group>";
		};
/* End PBXVariantGroup section */

/* Begin XCBuildConfiguration section */
		32C82CF81BEE963300614C1A /* Debug */ = {
			isa = XCBuildConfiguration;
			buildSettings = {
				ALWAYS_SEARCH_USER_PATHS = NO;
				CLANG_CXX_LANGUAGE_STANDARD = "gnu++0x";
				CLANG_CXX_LIBRARY = "libc++";
				CLANG_ENABLE_MODULES = YES;
				CLANG_ENABLE_OBJC_ARC = YES;
				CLANG_WARN_BOOL_CONVERSION = YES;
				CLANG_WARN_CONSTANT_CONVERSION = YES;
				CLANG_WARN_DIRECT_OBJC_ISA_USAGE = YES_ERROR;
				CLANG_WARN_EMPTY_BODY = YES;
				CLANG_WARN_ENUM_CONVERSION = YES;
				CLANG_WARN_INT_CONVERSION = YES;
				CLANG_WARN_OBJC_ROOT_CLASS = YES_ERROR;
				CLANG_WARN_UNREACHABLE_CODE = YES;
				CLANG_WARN__DUPLICATE_METHOD_MATCH = YES;
				"CODE_SIGN_IDENTITY[sdk=iphoneos*]" = "iPhone Developer";
				COPY_PHASE_STRIP = NO;
				DEBUG_INFORMATION_FORMAT = "dwarf-with-dsym";
				ENABLE_STRICT_OBJC_MSGSEND = YES;
				ENABLE_TESTABILITY = YES;
				GCC_C_LANGUAGE_STANDARD = gnu99;
				GCC_DYNAMIC_NO_PIC = NO;
				GCC_NO_COMMON_BLOCKS = YES;
				GCC_OPTIMIZATION_LEVEL = 0;
				GCC_PREPROCESSOR_DEFINITIONS = (
					"DEBUG=1",
					"$(inherited)",
				);
				GCC_WARN_64_TO_32_BIT_CONVERSION = YES;
				GCC_WARN_ABOUT_RETURN_TYPE = YES_ERROR;
				GCC_WARN_UNDECLARED_SELECTOR = YES;
				GCC_WARN_UNINITIALIZED_AUTOS = YES_AGGRESSIVE;
				GCC_WARN_UNUSED_FUNCTION = YES;
				GCC_WARN_UNUSED_VARIABLE = YES;
				IPHONEOS_DEPLOYMENT_TARGET = 9.0;
				MTL_ENABLE_DEBUG_INFO = YES;
				ONLY_ACTIVE_ARCH = YES;
				SDKROOT = iphoneos;
				SWIFT_OPTIMIZATION_LEVEL = "-Onone";
				TARGETED_DEVICE_FAMILY = "1,2";
			};
			name = Debug;
		};
		32C82CF91BEE963300614C1A /* Release */ = {
			isa = XCBuildConfiguration;
			buildSettings = {
				ALWAYS_SEARCH_USER_PATHS = NO;
				CLANG_CXX_LANGUAGE_STANDARD = "gnu++0x";
				CLANG_CXX_LIBRARY = "libc++";
				CLANG_ENABLE_MODULES = YES;
				CLANG_ENABLE_OBJC_ARC = YES;
				CLANG_WARN_BOOL_CONVERSION = YES;
				CLANG_WARN_CONSTANT_CONVERSION = YES;
				CLANG_WARN_DIRECT_OBJC_ISA_USAGE = YES_ERROR;
				CLANG_WARN_EMPTY_BODY = YES;
				CLANG_WARN_ENUM_CONVERSION = YES;
				CLANG_WARN_INT_CONVERSION = YES;
				CLANG_WARN_OBJC_ROOT_CLASS = YES_ERROR;
				CLANG_WARN_UNREACHABLE_CODE = YES;
				CLANG_WARN__DUPLICATE_METHOD_MATCH = YES;
				"CODE_SIGN_IDENTITY[sdk=iphoneos*]" = "iPhone Developer";
				COPY_PHASE_STRIP = NO;
				DEBUG_INFORMATION_FORMAT = "dwarf-with-dsym";
				ENABLE_NS_ASSERTIONS = NO;
				ENABLE_STRICT_OBJC_MSGSEND = YES;
				GCC_C_LANGUAGE_STANDARD = gnu99;
				GCC_NO_COMMON_BLOCKS = YES;
				GCC_WARN_64_TO_32_BIT_CONVERSION = YES;
				GCC_WARN_ABOUT_RETURN_TYPE = YES_ERROR;
				GCC_WARN_UNDECLARED_SELECTOR = YES;
				GCC_WARN_UNINITIALIZED_AUTOS = YES_AGGRESSIVE;
				GCC_WARN_UNUSED_FUNCTION = YES;
				GCC_WARN_UNUSED_VARIABLE = YES;
				IPHONEOS_DEPLOYMENT_TARGET = 9.0;
				MTL_ENABLE_DEBUG_INFO = NO;
				SDKROOT = iphoneos;
				TARGETED_DEVICE_FAMILY = "1,2";
				VALIDATE_PRODUCT = YES;
			};
			name = Release;
		};
		32C82CFB1BEE963300614C1A /* Debug */ = {
			isa = XCBuildConfiguration;
			baseConfigurationReference = 585BB6E24B18E96E03DCD00C /* Pods.debug.xcconfig */;
			buildSettings = {
				ASSETCATALOG_COMPILER_APPICON_NAME = AppIcon;
				INFOPLIST_FILE = Conquest/Info.plist;
				IPHONEOS_DEPLOYMENT_TARGET = 8.1;
				LD_RUNPATH_SEARCH_PATHS = "$(inherited) @executable_path/Frameworks";
				PRODUCT_BUNDLE_IDENTIFIER = com.Alpha.Conquest;
				PRODUCT_NAME = "$(TARGET_NAME)";
			};
			name = Debug;
		};
		32C82CFC1BEE963300614C1A /* Release */ = {
			isa = XCBuildConfiguration;
			baseConfigurationReference = 6B38FD828AE9CD1D1FFBCA4E /* Pods.release.xcconfig */;
			buildSettings = {
				ASSETCATALOG_COMPILER_APPICON_NAME = AppIcon;
				INFOPLIST_FILE = Conquest/Info.plist;
				IPHONEOS_DEPLOYMENT_TARGET = 8.1;
				LD_RUNPATH_SEARCH_PATHS = "$(inherited) @executable_path/Frameworks";
				PRODUCT_BUNDLE_IDENTIFIER = com.Alpha.Conquest;
				PRODUCT_NAME = "$(TARGET_NAME)";
			};
			name = Release;
		};
		32C82CFE1BEE963300614C1A /* Debug */ = {
			isa = XCBuildConfiguration;
			buildSettings = {
				BUNDLE_LOADER = "$(TEST_HOST)";
				DEBUG_INFORMATION_FORMAT = dwarf;
				INFOPLIST_FILE = ConquestTests/Info.plist;
				LD_RUNPATH_SEARCH_PATHS = "$(inherited) @executable_path/Frameworks @loader_path/Frameworks";
				PRODUCT_BUNDLE_IDENTIFIER = com.Alpha.ConquestTests;
				PRODUCT_NAME = "$(TARGET_NAME)";
				TEST_HOST = "$(BUILT_PRODUCTS_DIR)/Conquest.app/Conquest";
			};
			name = Debug;
		};
		32C82CFF1BEE963300614C1A /* Release */ = {
			isa = XCBuildConfiguration;
			buildSettings = {
				BUNDLE_LOADER = "$(TEST_HOST)";
				INFOPLIST_FILE = ConquestTests/Info.plist;
				LD_RUNPATH_SEARCH_PATHS = "$(inherited) @executable_path/Frameworks @loader_path/Frameworks";
				PRODUCT_BUNDLE_IDENTIFIER = com.Alpha.ConquestTests;
				PRODUCT_NAME = "$(TARGET_NAME)";
				TEST_HOST = "$(BUILT_PRODUCTS_DIR)/Conquest.app/Conquest";
			};
			name = Release;
		};
		32C82D011BEE963300614C1A /* Debug */ = {
			isa = XCBuildConfiguration;
			buildSettings = {
				DEBUG_INFORMATION_FORMAT = dwarf;
				INFOPLIST_FILE = ConquestUITests/Info.plist;
				LD_RUNPATH_SEARCH_PATHS = "$(inherited) @executable_path/Frameworks @loader_path/Frameworks";
				PRODUCT_BUNDLE_IDENTIFIER = com.Alpha.ConquestUITests;
				PRODUCT_NAME = "$(TARGET_NAME)";
				TEST_TARGET_NAME = Conquest;
				USES_XCTRUNNER = YES;
			};
			name = Debug;
		};
		32C82D021BEE963300614C1A /* Release */ = {
			isa = XCBuildConfiguration;
			buildSettings = {
				INFOPLIST_FILE = ConquestUITests/Info.plist;
				LD_RUNPATH_SEARCH_PATHS = "$(inherited) @executable_path/Frameworks @loader_path/Frameworks";
				PRODUCT_BUNDLE_IDENTIFIER = com.Alpha.ConquestUITests;
				PRODUCT_NAME = "$(TARGET_NAME)";
				TEST_TARGET_NAME = Conquest;
				USES_XCTRUNNER = YES;
			};
			name = Release;
		};
/* End XCBuildConfiguration section */

/* Begin XCConfigurationList section */
		32C82CC91BEE963200614C1A /* Build configuration list for PBXProject "Conquest" */ = {
			isa = XCConfigurationList;
			buildConfigurations = (
				32C82CF81BEE963300614C1A /* Debug */,
				32C82CF91BEE963300614C1A /* Release */,
			);
			defaultConfigurationIsVisible = 0;
			defaultConfigurationName = Release;
		};
		32C82CFA1BEE963300614C1A /* Build configuration list for PBXNativeTarget "Conquest" */ = {
			isa = XCConfigurationList;
			buildConfigurations = (
				32C82CFB1BEE963300614C1A /* Debug */,
				32C82CFC1BEE963300614C1A /* Release */,
			);
			defaultConfigurationIsVisible = 0;
			defaultConfigurationName = Release;
		};
		32C82CFD1BEE963300614C1A /* Build configuration list for PBXNativeTarget "ConquestTests" */ = {
			isa = XCConfigurationList;
			buildConfigurations = (
				32C82CFE1BEE963300614C1A /* Debug */,
				32C82CFF1BEE963300614C1A /* Release */,
			);
			defaultConfigurationIsVisible = 0;
			defaultConfigurationName = Release;
		};
		32C82D001BEE963300614C1A /* Build configuration list for PBXNativeTarget "ConquestUITests" */ = {
			isa = XCConfigurationList;
			buildConfigurations = (
				32C82D011BEE963300614C1A /* Debug */,
				32C82D021BEE963300614C1A /* Release */,
			);
			defaultConfigurationIsVisible = 0;
			defaultConfigurationName = Release;
		};
/* End XCConfigurationList section */
	};
	rootObject = 32C82CC61BEE963200614C1A /* Project object */;
}
